
Microsoft Visual Studio Solution File, Format Version 12.00
# Visual Studio Version 16
VisualStudioVersion = 16.0.30104.148
MinimumVisualStudioVersion = 10.0.40219.1
Project("{FAE04EC0-301F-11D3-BF4B-00C04F79EFBC}") = "TesteLogicalMinds", "TesteLogicalMinds\TesteLogicalMinds.csproj", "{61230767-DE6A-447E-ACAE-C5B8D813FBAF}"
EndProject
Global
	GlobalSection(SolutionConfigurationPlatforms) = preSolution
		Debug|Any CPU = Debug|Any CPU
		Release|Any CPU = Release|Any CPU
	EndGlobalSection
	GlobalSection(ProjectConfigurationPlatforms) = postSolution
		{61230767-DE6A-447E-ACAE-C5B8D813FBAF}.Debug|Any CPU.ActiveCfg = Debug|Any CPU
		{61230767-DE6A-447E-ACAE-C5B8D813FBAF}.Debug|Any CPU.Build.0 = Debug|Any CPU
		{61230767-DE6A-447E-ACAE-C5B8D813FBAF}.Release|Any CPU.ActiveCfg = Release|Any CPU
		{61230767-DE6A-447E-ACAE-C5B8D813FBAF}.Release|Any CPU.Build.0 = Release|Any CPU
	EndGlobalSection
	GlobalSection(SolutionProperties) = preSolution
		HideSolutionNode = FALSE
	EndGlobalSection
	GlobalSection(ExtensibilityGlobals) = postSolution
		SolutionGuid = {2F2CE424-334E-4E0F-A8BF-8DD393F61C09}
	EndGlobalSection
EndGlobal
